
Microsoft Visual Studio Solution File, Format Version 12.00
# Visual Studio 2013
VisualStudioVersion = 12.0.30110.0
MinimumVisualStudioVersion = 10.0.40219.1
Project("{FAE04EC0-301F-11D3-BF4B-00C04F79EFBC}") = "Contract.Annotations", "Contract.Annotations\Contract.Annotations.csproj", "{34F19F3F-7971-4D21-8119-4152C042A0C6}"
EndProject
Project("{2150E333-8FDC-42A3-9474-1A3956D46DE8}") = "Solution Items", "Solution Items", "{D6087BE9-98E1-4BB4-B554-A78B20345B9A}"
	ProjectSection(SolutionItems) = preProject
		.gitignore = .gitignore
		LICENSE.txt = LICENSE.txt
		PackageAll.bat = PackageAll.bat
		README.md = README.md
	EndProjectSection
EndProject
Project("{FAE04EC0-301F-11D3-BF4B-00C04F79EFBC}") = "Contract.Annotations.Net20", "Contract.Annotations\Contract.Annotations.Net20.csproj", "{75511594-9B06-41EC-9DC4-45883008E370}"
EndProject
Project("{FAE04EC0-301F-11D3-BF4B-00C04F79EFBC}") = "Contract.Annotations.Net45", "Contract.Annotations\Contract.Annotations.Net45.csproj", "{1A346103-BDBA-4DE5-B476-A878CBE5D627}"
EndProject
Project("{FAE04EC0-301F-11D3-BF4B-00C04F79EFBC}") = "Contract.Annotations.Net35", "Contract.Annotations\Contract.Annotations.Net35.csproj", "{65AA8519-8CB2-4910-B54D-C5CF448303A7}"
EndProject
Project("{FAE04EC0-301F-11D3-BF4B-00C04F79EFBC}") = "Contract.Annotations.Net40", "Contract.Annotations\Contract.Annotations.Net40.csproj", "{C99B6E13-28CB-4181-8881-86D101F551CA}"
EndProject
Project("{FAE04EC0-301F-11D3-BF4B-00C04F79EFBC}") = "Contract.Annotations.windows8", "Contract.Annotations\Contract.Annotations.windows8.csproj", "{08157754-F8F2-487F-AC13-011A024B2E2E}"
EndProject
Project("{FAE04EC0-301F-11D3-BF4B-00C04F79EFBC}") = "Contract.Annotations.portable-net40+sl5+wp71+windows8", "Contract.Annotations\Contract.Annotations.portable-net40+sl5+wp71+windows8.csproj", "{B26B763D-CE96-4331-819E-12E4C457C88C}"
EndProject
Global
	GlobalSection(SolutionConfigurationPlatforms) = preSolution
		Debug|Any CPU = Debug|Any CPU
		Debug|ARM = Debug|ARM
		Debug|Mixed Platforms = Debug|Mixed Platforms
		Debug|x64 = Debug|x64
		Debug|x86 = Debug|x86
		Release|Any CPU = Release|Any CPU
		Release|ARM = Release|ARM
		Release|Mixed Platforms = Release|Mixed Platforms
		Release|x64 = Release|x64
		Release|x86 = Release|x86
	EndGlobalSection
	GlobalSection(ProjectConfigurationPlatforms) = postSolution
		{34F19F3F-7971-4D21-8119-4152C042A0C6}.Debug|Any CPU.ActiveCfg = Debug|x86
		{34F19F3F-7971-4D21-8119-4152C042A0C6}.Debug|ARM.ActiveCfg = Debug|x86
		{34F19F3F-7971-4D21-8119-4152C042A0C6}.Debug|Mixed Platforms.ActiveCfg = Debug|x86
		{34F19F3F-7971-4D21-8119-4152C042A0C6}.Debug|Mixed Platforms.Build.0 = Debug|x86
		{34F19F3F-7971-4D21-8119-4152C042A0C6}.Debug|x64.ActiveCfg = Debug|x86
		{34F19F3F-7971-4D21-8119-4152C042A0C6}.Debug|x86.ActiveCfg = Debug|x86
		{34F19F3F-7971-4D21-8119-4152C042A0C6}.Debug|x86.Build.0 = Debug|x86
		{34F19F3F-7971-4D21-8119-4152C042A0C6}.Release|Any CPU.ActiveCfg = Debug|x86
		{34F19F3F-7971-4D21-8119-4152C042A0C6}.Release|ARM.ActiveCfg = Debug|x86
		{34F19F3F-7971-4D21-8119-4152C042A0C6}.Release|Mixed Platforms.ActiveCfg = Debug|x86
		{34F19F3F-7971-4D21-8119-4152C042A0C6}.Release|Mixed Platforms.Build.0 = Debug|x86
		{34F19F3F-7971-4D21-8119-4152C042A0C6}.Release|x64.ActiveCfg = Debug|x86
		{34F19F3F-7971-4D21-8119-4152C042A0C6}.Release|x86.ActiveCfg = Debug|x86
		{34F19F3F-7971-4D21-8119-4152C042A0C6}.Release|x86.Build.0 = Debug|x86
		{75511594-9B06-41EC-9DC4-45883008E370}.Debug|Any CPU.ActiveCfg = Debug|Any CPU
		{75511594-9B06-41EC-9DC4-45883008E370}.Debug|Any CPU.Build.0 = Debug|Any CPU
		{75511594-9B06-41EC-9DC4-45883008E370}.Debug|ARM.ActiveCfg = Debug|Any CPU
		{75511594-9B06-41EC-9DC4-45883008E370}.Debug|Mixed Platforms.ActiveCfg = Debug|Any CPU
		{75511594-9B06-41EC-9DC4-45883008E370}.Debug|Mixed Platforms.Build.0 = Debug|Any CPU
		{75511594-9B06-41EC-9DC4-45883008E370}.Debug|x64.ActiveCfg = Debug|Any CPU
		{75511594-9B06-41EC-9DC4-45883008E370}.Debug|x86.ActiveCfg = Debug|Any CPU
		{75511594-9B06-41EC-9DC4-45883008E370}.Release|Any CPU.ActiveCfg = Release|Any CPU
		{75511594-9B06-41EC-9DC4-45883008E370}.Release|Any CPU.Build.0 = Release|Any CPU
		{75511594-9B06-41EC-9DC4-45883008E370}.Release|ARM.ActiveCfg = Release|Any CPU
		{75511594-9B06-41EC-9DC4-45883008E370}.Release|Mixed Platforms.ActiveCfg = Release|Any CPU
		{75511594-9B06-41EC-9DC4-45883008E370}.Release|Mixed Platforms.Build.0 = Release|Any CPU
		{75511594-9B06-41EC-9DC4-45883008E370}.Release|x64.ActiveCfg = Release|Any CPU
		{75511594-9B06-41EC-9DC4-45883008E370}.Release|x86.ActiveCfg = Release|Any CPU
		{1A346103-BDBA-4DE5-B476-A878CBE5D627}.Debug|Any CPU.ActiveCfg = Debug|Any CPU
		{1A346103-BDBA-4DE5-B476-A878CBE5D627}.Debug|Any CPU.Build.0 = Debug|Any CPU
		{1A346103-BDBA-4DE5-B476-A878CBE5D627}.Debug|ARM.ActiveCfg = Debug|Any CPU
		{1A346103-BDBA-4DE5-B476-A878CBE5D627}.Debug|Mixed Platforms.ActiveCfg = Debug|Any CPU
		{1A346103-BDBA-4DE5-B476-A878CBE5D627}.Debug|Mixed Platforms.Build.0 = Debug|Any CPU
		{1A346103-BDBA-4DE5-B476-A878CBE5D627}.Debug|x64.ActiveCfg = Debug|Any CPU
		{1A346103-BDBA-4DE5-B476-A878CBE5D627}.Debug|x86.ActiveCfg = Debug|Any CPU
		{1A346103-BDBA-4DE5-B476-A878CBE5D627}.Release|Any CPU.ActiveCfg = Release|Any CPU
		{1A346103-BDBA-4DE5-B476-A878CBE5D627}.Release|Any CPU.Build.0 = Release|Any CPU
		{1A346103-BDBA-4DE5-B476-A878CBE5D627}.Release|ARM.ActiveCfg = Release|Any CPU
		{1A346103-BDBA-4DE5-B476-A878CBE5D627}.Release|Mixed Platforms.ActiveCfg = Release|Any CPU
		{1A346103-BDBA-4DE5-B476-A878CBE5D627}.Release|Mixed Platforms.Build.0 = Release|Any CPU
		{1A346103-BDBA-4DE5-B476-A878CBE5D627}.Release|x64.ActiveCfg = Release|Any CPU
		{1A346103-BDBA-4DE5-B476-A878CBE5D627}.Release|x86.ActiveCfg = Release|Any CPU
		{65AA8519-8CB2-4910-B54D-C5CF448303A7}.Debug|Any CPU.ActiveCfg = Debug|Any CPU
		{65AA8519-8CB2-4910-B54D-C5CF448303A7}.Debug|Any CPU.Build.0 = Debug|Any CPU
		{65AA8519-8CB2-4910-B54D-C5CF448303A7}.Debug|ARM.ActiveCfg = Debug|Any CPU
		{65AA8519-8CB2-4910-B54D-C5CF448303A7}.Debug|Mixed Platforms.ActiveCfg = Debug|Any CPU
		{65AA8519-8CB2-4910-B54D-C5CF448303A7}.Debug|Mixed Platforms.Build.0 = Debug|Any CPU
		{65AA8519-8CB2-4910-B54D-C5CF448303A7}.Debug|x64.ActiveCfg = Debug|Any CPU
		{65AA8519-8CB2-4910-B54D-C5CF448303A7}.Debug|x86.ActiveCfg = Debug|Any CPU
		{65AA8519-8CB2-4910-B54D-C5CF448303A7}.Release|Any CPU.ActiveCfg = Release|Any CPU
		{65AA8519-8CB2-4910-B54D-C5CF448303A7}.Release|Any CPU.Build.0 = Release|Any CPU
		{65AA8519-8CB2-4910-B54D-C5CF448303A7}.Release|ARM.ActiveCfg = Release|Any CPU
		{65AA8519-8CB2-4910-B54D-C5CF448303A7}.Release|Mixed Platforms.ActiveCfg = Release|Any CPU
		{65AA8519-8CB2-4910-B54D-C5CF448303A7}.Release|Mixed Platforms.Build.0 = Release|Any CPU
		{65AA8519-8CB2-4910-B54D-C5CF448303A7}.Release|x64.ActiveCfg = Release|Any CPU
		{65AA8519-8CB2-4910-B54D-C5CF448303A7}.Release|x86.ActiveCfg = Release|Any CPU
		{C99B6E13-28CB-4181-8881-86D101F551CA}.Debug|Any CPU.ActiveCfg = Debug|Any CPU
		{C99B6E13-28CB-4181-8881-86D101F551CA}.Debug|Any CPU.Build.0 = Debug|Any CPU
		{C99B6E13-28CB-4181-8881-86D101F551CA}.Debug|ARM.ActiveCfg = Debug|Any CPU
		{C99B6E13-28CB-4181-8881-86D101F551CA}.Debug|Mixed Platforms.ActiveCfg = Debug|Any CPU
		{C99B6E13-28CB-4181-8881-86D101F551CA}.Debug|Mixed Platforms.Build.0 = Debug|Any CPU
		{C99B6E13-28CB-4181-8881-86D101F551CA}.Debug|x64.ActiveCfg = Debug|Any CPU
		{C99B6E13-28CB-4181-8881-86D101F551CA}.Debug|x86.ActiveCfg = Debug|Any CPU
		{C99B6E13-28CB-4181-8881-86D101F551CA}.Release|Any CPU.ActiveCfg = Release|Any CPU
		{C99B6E13-28CB-4181-8881-86D101F551CA}.Release|Any CPU.Build.0 = Release|Any CPU
		{C99B6E13-28CB-4181-8881-86D101F551CA}.Release|ARM.ActiveCfg = Release|Any CPU
		{C99B6E13-28CB-4181-8881-86D101F551CA}.Release|Mixed Platforms.ActiveCfg = Release|Any CPU
		{C99B6E13-28CB-4181-8881-86D101F551CA}.Release|Mixed Platforms.Build.0 = Release|Any CPU
		{C99B6E13-28CB-4181-8881-86D101F551CA}.Release|x64.ActiveCfg = Release|Any CPU
		{C99B6E13-28CB-4181-8881-86D101F551CA}.Release|x86.ActiveCfg = Release|Any CPU
		{08157754-F8F2-487F-AC13-011A024B2E2E}.Debug|Any CPU.ActiveCfg = Debug|Any CPU
		{08157754-F8F2-487F-AC13-011A024B2E2E}.Debug|Any CPU.Build.0 = Debug|Any CPU
		{08157754-F8F2-487F-AC13-011A024B2E2E}.Debug|ARM.ActiveCfg = Debug|ARM
		{08157754-F8F2-487F-AC13-011A024B2E2E}.Debug|ARM.Build.0 = Debug|ARM
		{08157754-F8F2-487F-AC13-011A024B2E2E}.Debug|Mixed Platforms.ActiveCfg = Debug|x86
		{08157754-F8F2-487F-AC13-011A024B2E2E}.Debug|Mixed Platforms.Build.0 = Debug|x86
		{08157754-F8F2-487F-AC13-011A024B2E2E}.Debug|x64.ActiveCfg = Debug|x64
		{08157754-F8F2-487F-AC13-011A024B2E2E}.Debug|x64.Build.0 = Debug|x64
		{08157754-F8F2-487F-AC13-011A024B2E2E}.Debug|x86.ActiveCfg = Debug|x86
		{08157754-F8F2-487F-AC13-011A024B2E2E}.Debug|x86.Build.0 = Debug|x86
		{08157754-F8F2-487F-AC13-011A024B2E2E}.Release|Any CPU.ActiveCfg = Release|Any CPU
		{08157754-F8F2-487F-AC13-011A024B2E2E}.Release|Any CPU.Build.0 = Release|Any CPU
		{08157754-F8F2-487F-AC13-011A024B2E2E}.Release|ARM.ActiveCfg = Release|ARM
		{08157754-F8F2-487F-AC13-011A024B2E2E}.Release|ARM.Build.0 = Release|ARM
		{08157754-F8F2-487F-AC13-011A024B2E2E}.Release|Mixed Platforms.ActiveCfg = Release|x86
		{08157754-F8F2-487F-AC13-011A024B2E2E}.Release|Mixed Platforms.Build.0 = Release|x86
		{08157754-F8F2-487F-AC13-011A024B2E2E}.Release|x64.ActiveCfg = Release|x64
		{08157754-F8F2-487F-AC13-011A024B2E2E}.Release|x64.Build.0 = Release|x64
		{08157754-F8F2-487F-AC13-011A024B2E2E}.Release|x86.ActiveCfg = Release|x86
		{08157754-F8F2-487F-AC13-011A024B2E2E}.Release|x86.Build.0 = Release|x86
		{B26B763D-CE96-4331-819E-12E4C457C88C}.Debug|Any CPU.ActiveCfg = Debug|Any CPU
		{B26B763D-CE96-4331-819E-12E4C457C88C}.Debug|Any CPU.Build.0 = Debug|Any CPU
		{B26B763D-CE96-4331-819E-12E4C457C88C}.Debug|ARM.ActiveCfg = Debug|Any CPU
		{B26B763D-CE96-4331-819E-12E4C457C88C}.Debug|Mixed Platforms.ActiveCfg = Debug|Any CPU
		{B26B763D-CE96-4331-819E-12E4C457C88C}.Debug|Mixed Platforms.Build.0 = Debug|Any CPU
		{B26B763D-CE96-4331-819E-12E4C457C88C}.Debug|x64.ActiveCfg = Debug|Any CPU
		{B26B763D-CE96-4331-819E-12E4C457C88C}.Debug|x86.ActiveCfg = Debug|Any CPU
		{B26B763D-CE96-4331-819E-12E4C457C88C}.Release|Any CPU.ActiveCfg = Release|Any CPU
		{B26B763D-CE96-4331-819E-12E4C457C88C}.Release|Any CPU.Build.0 = Release|Any CPU
		{B26B763D-CE96-4331-819E-12E4C457C88C}.Release|ARM.ActiveCfg = Release|Any CPU
		{B26B763D-CE96-4331-819E-12E4C457C88C}.Release|Mixed Platforms.ActiveCfg = Release|Any CPU
		{B26B763D-CE96-4331-819E-12E4C457C88C}.Release|Mixed Platforms.Build.0 = Release|Any CPU
		{B26B763D-CE96-4331-819E-12E4C457C88C}.Release|x64.ActiveCfg = Release|Any CPU
		{B26B763D-CE96-4331-819E-12E4C457C88C}.Release|x86.ActiveCfg = Release|Any CPU
	EndGlobalSection
	GlobalSection(SolutionProperties) = preSolution
		HideSolutionNode = FALSE
	EndGlobalSection
EndGlobal
